
Microsoft Visual Studio Solution File, Format Version 12.00
# Visual Studio Version 17
VisualStudioVersion = 17.10.35122.118
MinimumVisualStudioVersion = 10.0.40219.1
Project("{FAE04EC0-301F-11D3-BF4B-00C04F79EFBC}") = "TodoDemo", "TodoDemo\TodoDemo.csproj", "{1B0A7C70-F993-4F9A-8ED4-E75E6DDB1C10}"
EndProject
Global
	GlobalSection(SolutionConfigurationPlatforms) = preSolution
		Debug|Any CPU = Debug|Any CPU
		Release|Any CPU = Release|Any CPU
	EndGlobalSection
	GlobalSection(ProjectConfigurationPlatforms) = postSolution
		{1B0A7C70-F993-4F9A-8ED4-E75E6DDB1C10}.Debug|Any CPU.ActiveCfg = Debug|Any CPU
		{1B0A7C70-F993-4F9A-8ED4-E75E6DDB1C10}.Debug|Any CPU.Build.0 = Debug|Any CPU
		{1B0A7C70-F993-4F9A-8ED4-E75E6DDB1C10}.Debug|Any CPU.Deploy.0 = Debug|Any CPU
		{1B0A7C70-F993-4F9A-8ED4-E75E6DDB1C10}.Release|Any CPU.ActiveCfg = Release|Any CPU
		{1B0A7C70-F993-4F9A-8ED4-E75E6DDB1C10}.Release|Any CPU.Build.0 = Release|Any CPU
		{1B0A7C70-F993-4F9A-8ED4-E75E6DDB1C10}.Release|Any CPU.Deploy.0 = Release|Any CPU
	EndGlobalSection
	GlobalSection(SolutionProperties) = preSolution
		HideSolutionNode = FALSE
	EndGlobalSection
	GlobalSection(ExtensibilityGlobals) = postSolution
		SolutionGuid = {BEC865AA-1B79-4C5A-834C-27959A7BB09B}
	EndGlobalSection
EndGlobal
